
Microsoft Visual Studio Solution File, Format Version 12.00
# Visual Studio Version 16
VisualStudioVersion = 16.0.31613.86
MinimumVisualStudioVersion = 10.0.40219.1
Project("{FAE04EC0-301F-11D3-BF4B-00C04F79EFBC}") = "Vehicles.Common", "Vehicles.Common\Vehicles.Common.csproj", "{5C33F677-A90C-4ECF-AFA7-15690079BA8B}"
EndProject
Project("{FAE04EC0-301F-11D3-BF4B-00C04F79EFBC}") = "Vehicles.API", "Vehicles.API\Vehicles.API.csproj", "{231C6A25-F49E-4BCC-84E3-3798B9F5AA57}"
EndProject
Global
	GlobalSection(SolutionConfigurationPlatforms) = preSolution
		Debug|Any CPU = Debug|Any CPU
		Release|Any CPU = Release|Any CPU
	EndGlobalSection
	GlobalSection(ProjectConfigurationPlatforms) = postSolution
		{5C33F677-A90C-4ECF-AFA7-15690079BA8B}.Debug|Any CPU.ActiveCfg = Debug|Any CPU
		{5C33F677-A90C-4ECF-AFA7-15690079BA8B}.Debug|Any CPU.Build.0 = Debug|Any CPU
		{5C33F677-A90C-4ECF-AFA7-15690079BA8B}.Release|Any CPU.ActiveCfg = Release|Any CPU
		{5C33F677-A90C-4ECF-AFA7-15690079BA8B}.Release|Any CPU.Build.0 = Release|Any CPU
		{231C6A25-F49E-4BCC-84E3-3798B9F5AA57}.Debug|Any CPU.ActiveCfg = Debug|Any CPU
		{231C6A25-F49E-4BCC-84E3-3798B9F5AA57}.Debug|Any CPU.Build.0 = Debug|Any CPU
		{231C6A25-F49E-4BCC-84E3-3798B9F5AA57}.Release|Any CPU.ActiveCfg = Release|Any CPU
		{231C6A25-F49E-4BCC-84E3-3798B9F5AA57}.Release|Any CPU.Build.0 = Release|Any CPU
	EndGlobalSection
	GlobalSection(SolutionProperties) = preSolution
		HideSolutionNode = FALSE
	EndGlobalSection
	GlobalSection(ExtensibilityGlobals) = postSolution
		SolutionGuid = {0D20B880-0924-4E3F-9B0B-8F6B7A13282A}
	EndGlobalSection
EndGlobal
